
Microsoft Visual Studio Solution File, Format Version 12.00
# Visual Studio Version 17
VisualStudioVersion = 17.0.31903.59
MinimumVisualStudioVersion = 10.0.40219.1
Project("{FAE04EC0-301F-11D3-BF4B-00C04F79EFBC}") = "ToDoApp", "ToDoApp\ToDoApp.csproj", "{7489E9F7-90EC-4B56-9CA3-1FDFDB12FD12}"
EndProject
Project("{FAE04EC0-301F-11D3-BF4B-00C04F79EFBC}") = "ToDoApp.Domain", "ToDoApp.Domain\ToDoApp.Domain.csproj", "{B1021644-0D23-4753-AD6F-996B93536CC8}"
EndProject
Project("{FAE04EC0-301F-11D3-BF4B-00C04F79EFBC}") = "ToDoApp.Application", "ToDoApp.Application\ToDoApp.Application.csproj", "{C8F6B37D-F712-4684-AB27-FE7502222529}"
EndProject
Project("{FAE04EC0-301F-11D3-BF4B-00C04F79EFBC}") = "ToDoApp.Infrastructure", "ToDoApp.Infrastructure\ToDoApp.Infrastructure.csproj", "{1A62609C-FE60-48C3-95EF-C9F1140F0DA7}"
EndProject
Global
	GlobalSection(SolutionConfigurationPlatforms) = preSolution
		Debug|Any CPU = Debug|Any CPU
		Release|Any CPU = Release|Any CPU
	EndGlobalSection
	GlobalSection(SolutionProperties) = preSolution
		HideSolutionNode = FALSE
	EndGlobalSection
	GlobalSection(ProjectConfigurationPlatforms) = postSolution
		{7489E9F7-90EC-4B56-9CA3-1FDFDB12FD12}.Debug|Any CPU.ActiveCfg = Debug|Any CPU
		{7489E9F7-90EC-4B56-9CA3-1FDFDB12FD12}.Debug|Any CPU.Build.0 = Debug|Any CPU
		{7489E9F7-90EC-4B56-9CA3-1FDFDB12FD12}.Release|Any CPU.ActiveCfg = Release|Any CPU
		{7489E9F7-90EC-4B56-9CA3-1FDFDB12FD12}.Release|Any CPU.Build.0 = Release|Any CPU
		{B1021644-0D23-4753-AD6F-996B93536CC8}.Debug|Any CPU.ActiveCfg = Debug|Any CPU
		{B1021644-0D23-4753-AD6F-996B93536CC8}.Debug|Any CPU.Build.0 = Debug|Any CPU
		{B1021644-0D23-4753-AD6F-996B93536CC8}.Release|Any CPU.ActiveCfg = Release|Any CPU
		{B1021644-0D23-4753-AD6F-996B93536CC8}.Release|Any CPU.Build.0 = Release|Any CPU
		{C8F6B37D-F712-4684-AB27-FE7502222529}.Debug|Any CPU.ActiveCfg = Debug|Any CPU
		{C8F6B37D-F712-4684-AB27-FE7502222529}.Debug|Any CPU.Build.0 = Debug|Any CPU
		{C8F6B37D-F712-4684-AB27-FE7502222529}.Release|Any CPU.ActiveCfg = Release|Any CPU
		{C8F6B37D-F712-4684-AB27-FE7502222529}.Release|Any CPU.Build.0 = Release|Any CPU
		{1A62609C-FE60-48C3-95EF-C9F1140F0DA7}.Debug|Any CPU.ActiveCfg = Debug|Any CPU
		{1A62609C-FE60-48C3-95EF-C9F1140F0DA7}.Debug|Any CPU.Build.0 = Debug|Any CPU
		{1A62609C-FE60-48C3-95EF-C9F1140F0DA7}.Release|Any CPU.ActiveCfg = Release|Any CPU
		{1A62609C-FE60-48C3-95EF-C9F1140F0DA7}.Release|Any CPU.Build.0 = Release|Any CPU
	EndGlobalSection
EndGlobal
